
Microsoft Visual Studio Solution File, Format Version 12.00
# Visual Studio 14
VisualStudioVersion = 14.0.25420.1
MinimumVisualStudioVersion = 10.0.40219.1
Project("{FAE04EC0-301F-11D3-BF4B-00C04F79EFBC}") = "LocalAccounts", "LocalAccounts\LocalAccounts.csproj", "{3D0820EB-0162-4707-AF91-DD395CBE9B82}"
EndProject
Project("{FAE04EC0-301F-11D3-BF4B-00C04F79EFBC}") = "WinFormsTester", "WinFormsTester\WinFormsTester.csproj", "{3EA62D29-F008-42CE-8AA2-65D363D155ED}"
EndProject
Global
	GlobalSection(SolutionConfigurationPlatforms) = preSolution
		Debug|Any CPU = Debug|Any CPU
		Release|Any CPU = Release|Any CPU
	EndGlobalSection
	GlobalSection(ProjectConfigurationPlatforms) = postSolution
		{3D0820EB-0162-4707-AF91-DD395CBE9B82}.Debug|Any CPU.ActiveCfg = Debug|Any CPU
		{3D0820EB-0162-4707-AF91-DD395CBE9B82}.Debug|Any CPU.Build.0 = Debug|Any CPU
		{3D0820EB-0162-4707-AF91-DD395CBE9B82}.Release|Any CPU.ActiveCfg = Release|Any CPU
		{3D0820EB-0162-4707-AF91-DD395CBE9B82}.Release|Any CPU.Build.0 = Release|Any CPU
		{3EA62D29-F008-42CE-8AA2-65D363D155ED}.Debug|Any CPU.ActiveCfg = Debug|Any CPU
		{3EA62D29-F008-42CE-8AA2-65D363D155ED}.Debug|Any CPU.Build.0 = Debug|Any CPU
		{3EA62D29-F008-42CE-8AA2-65D363D155ED}.Release|Any CPU.ActiveCfg = Release|Any CPU
		{3EA62D29-F008-42CE-8AA2-65D363D155ED}.Release|Any CPU.Build.0 = Release|Any CPU
	EndGlobalSection
	GlobalSection(SolutionProperties) = preSolution
		HideSolutionNode = FALSE
	EndGlobalSection
EndGlobal
